- id: 1
  height: 100
  time: '2024-01-01T00:00:00Z'
  gas_limit: '30000000'
  gas_used: '21000'
  base_fee_per_gas: 1000000000
  miner_id: 1
  hash: '0x1234567890abcdef1234567890abcdef1234567890abcdef1234567890abcdef'
  parent_hash: '0x0000000000000000000000000000000000000000000000000000000000000000'
  state_root_hash: '0xabcdef1234567890abcdef1234567890abcdef1234567890abcdef1234567890'
  transactions_root_hash: '0x9876543210fedcba9876543210fedcba9876543210fedcba9876543210fedcba'
  receipts_root_hash: '0xfedcba9876543210fedcba9876543210fedcba9876543210fedcba9876543210'

- id: 2
  height: 200
  time: '2024-01-02T00:00:00Z'
  gas_limit: '30000000'
  gas_used: '42000'
  base_fee_per_gas: 1100000000
  miner_id: 2
  hash: '0x2234567890abcdef1234567890abcdef1234567890abcdef1234567890abcdef'
  parent_hash: '0x1234567890abcdef1234567890abcdef1234567890abcdef1234567890abcdef'
  state_root_hash: '0xbbcdef1234567890abcdef1234567890abcdef1234567890abcdef1234567890'
  transactions_root_hash: '0xa876543210fedcba9876543210fedcba9876543210fedcba9876543210fedcba'
  receipts_root_hash: '0xgedcba9876543210fedcba9876543210fedcba9876543210fedcba9876543210'

- id: 3
  height: 300
  time: '2024-01-03T00:00:00Z'
  gas_limit: '30000000'
  gas_used: '63000'
  base_fee_per_gas: 1200000000
  miner_id: 3
  hash: '0x3234567890abcdef1234567890abcdef1234567890abcdef1234567890abcdef'
  parent_hash: '0x2234567890abcdef1234567890abcdef1234567890abcdef1234567890abcdef'
  state_root_hash: '0xcbcdef1234567890abcdef1234567890abcdef1234567890abcdef1234567890'
  transactions_root_hash: '0xb876543210fedcba9876543210fedcba9876543210fedcba9876543210fedcba'
  receipts_root_hash: '0xhedcba9876543210fedcba9876543210fedcba9876543210fedcba9876543210'

- id: 4
  height: 400
  time: '2024-01-04T00:00:00Z'
  gas_limit: '30000000'
  gas_used: '84000'
  base_fee_per_gas: 1300000000
  miner_id: 1
  hash: '0x4234567890abcdef1234567890abcdef1234567890abcdef1234567890abcdef'
  parent_hash: '0x3234567890abcdef1234567890abcdef1234567890abcdef1234567890abcdef'
  state_root_hash: '0xdbcdef1234567890abcdef1234567890abcdef1234567890abcdef1234567890'
  transactions_root_hash: '0xc876543210fedcba9876543210fedcba9876543210fedcba9876543210fedcba'
  receipts_root_hash: '0xiedcba9876543210fedcba9876543210fedcba9876543210fedcba9876543210'

- id: 5
  height: 500
  time: '2024-01-05T00:00:00Z'
  gas_limit: '30000000'
  gas_used: '105000'
  base_fee_per_gas: 1400000000
  miner_id: 2
  hash: '0x5234567890abcdef1234567890abcdef1234567890abcdef1234567890abcdef'
  parent_hash: '0x4234567890abcdef1234567890abcdef1234567890abcdef1234567890abcdef'
  state_root_hash: '0xebcdef1234567890abcdef1234567890abcdef1234567890abcdef1234567890'
  transactions_root_hash: '0xd876543210fedcba9876543210fedcba9876543210fedcba9876543210fedcba'
  receipts_root_hash: '0xjedcba9876543210fedcba9876543210fedcba9876543210fedcba9876543210'
